version = 1
revision = 3
requires-python = ">=3.12"

[[package]]
name = "cmake"
version = "4.1.2"
source = { registry = "https://pypi.org/simple" }
sdist = { url = "https://files.pythonhosted.org/packages/df/c1/943920ae1814d51137c538d2e9d8ef7133e49012129f2e4a658725bae931/cmake-4.1.2.tar.gz", hash = "sha256:bee98458447b3a3b937b72849489e6e37ba0076d46df2fbb3af26739e1a3ed10", size = 35002, upload-time = "2025-10-23T17:05:14.343Z" }
wheels = [
    { url = "https://files.pythonhosted.org/packages/ca/f7/f28a1df8d35cb6e37ff087e9f995cc0253ab1ffc55b12cf276436db4d392/cmake-4.1.2-py3-none-macosx_10_10_universal2.whl", hash = "sha256:415396a7320856c64bd27ca00950b2bbb161604bff60ae5ebf256e2ca08b81ab", size = 49242707, upload-time = "2025-10-23T17:04:22.175Z" },
    { url = "https://files.pythonhosted.org/packages/84/b3/020fd0905286448154d75d4cd9ff1573af6a38d20f9e3279420af7444302/cmake-4.1.2-py3-none-manylinux2014_aarch64.manylinux_2_17_aarch64.whl", hash = "sha256:b608042882f79ad2b92ce44bc1f1266882b7784f8feab313ae0b6c735379bd4c", size = 30379090, upload-time = "2025-10-23T17:04:25.547Z" },
    { url = "https://files.pythonhosted.org/packages/78/7b/64977cf05e0a0880c693cb10c06ca4ff9e6fcd6f791c38ebc9604a8aba9e/cmake-4.1.2-py3-none-manylinux2014_i686.manylinux_2_17_i686.whl", hash = "sha256:96f5b0b2685137a3fd37f73cce04dcfc1cc05208be5890460fcd9f2033364df8", size = 30778335, upload-time = "2025-10-23T17:04:28.22Z" },
    { url = "https://files.pythonhosted.org/packages/57/d7/c218bba6ea3e7c4a35e0d4669e64dac63d7b581dba12cbb4984535ddd373/cmake-4.1.2-py3-none-manylinux2014_ppc64le.manylinux_2_17_ppc64le.whl", hash = "sha256:4bdf265e908ae18a318e5e1b7f796ba4b80ec0e5d53b3bf82f503786cab3a8ce", size = 32611311, upload-time = "2025-10-23T17:04:31.121Z" },
    { url = "https://files.pythonhosted.org/packages/92/7d/26cd09d5332face45b51bed70f4e84eb3fae45f07a57e115d3eb38b260ee/cmake-4.1.2-py3-none-manylinux2014_s390x.manylinux_2_17_s390x.whl", hash = "sha256:3e9dcc042d4b41bab6a5b5d3c3144a73009cffd6f390b4ea7b3971967caa2f7d", size = 28574063, upload-time = "2025-10-23T17:04:33.938Z" },
    { url = "https://files.pythonhosted.org/packages/f3/56/0fc4d83f212cef10b7bbf6c5043e4582af80ad2aef6905e0dc33fbf68b11/cmake-4.1.2-py3-none-manylinux2014_x86_64.manylinux_2_17_x86_64.whl", hash = "sha256:7587a2b2ce48df1fd68a68657b6c5a711b467c346812e46dfb9cd996cd6e2352", size = 29689505, upload-time = "2025-10-23T17:04:36.823Z" },
    { url = "https://files.pythonhosted.org/packages/e5/94/36aeff32c154aff0efad4afd709a5ceea8f129c0ce077332bba825629e66/cmake-4.1.2-py3-none-manylinux_2_31_armv7l.whl", hash = "sha256:fe6a4f95d90deeb4c63818d6a3a601d038b06d535ebd13515f41814ae9c7a9ae", size = 26520292, upload-time = "2025-10-23T17:04:39.495Z" },
    { url = "https://files.pythonhosted.org/packages/ed/3c/9aab5d28b7a77407d2f0d262c1a421f5fc3c9e965331bf5eed41f840c430/cmake-4.1.2-py3-none-manylinux_2_35_riscv64.whl", hash = "sha256:6d5e09cf9b5aded14c1e271b09b0d0749b4db38002d5715ab626695b1baaf0cb", size = 28864737, upload-time = "2025-10-23T17:04:42.207Z" },
    { url = "https://files.pythonhosted.org/packages/15/ff/20fe2c175d118af784c895cd35070932f3081e264d997425afc14d14f3d5/cmake-4.1.2-py3-none-musllinux_1_2_aarch64.whl", hash = "sha256:ec978480e11a2c2591d54ed4e92a911913a85d805bd3d6311eb51dbcd22b8697", size = 41750603, upload-time = "2025-10-23T17:04:44.743Z" },
    { url = "https://files.pythonhosted.org/packages/18/3a/54cbd634316796bdf71c757075bccf040e8ba9b5b848054e78ccb29d8c30/cmake-4.1.2-py3-none-musllinux_1_2_armv7l.whl", hash = "sha256:1034d0670581149981138609fe993dd791b92992e8a57c1b92ab9b3d818b6069", size = 35038480, upload-time = "2025-10-23T17:04:47.734Z" },
    { url = "https://files.pythonhosted.org/packages/a6/cf/48861dc2258eb493015bf4e5a91631d36c690fd386e456c4b196fbbe9bbf/cmake-4.1.2-py3-none-musllinux_1_2_i686.whl", hash = "sha256:d24040de733cfd8adc005dfdf5a532b01e991fde94eda6bed289538fd0b31fe1", size = 45807724, upload-time = "2025-10-23T17:04:50.471Z" },
    { url = "https://files.pythonhosted.org/packages/23/6c/ae53376a018d41adafeb2bb18ad3f8df7afe466066219266a7497335e3ee/cmake-4.1.2-py3-none-musllinux_1_2_ppc64le.whl", hash = "sha256:c19f2d56a1cf50bfb7d3b736707419cf1fab14b5d22d5452f8cf7b8c1208df01", size = 45857541, upload-time = "2025-10-23T17:04:53.432Z" },
    { url = "https://files.pythonhosted.org/packages/5a/fe/122d0b8b4ee096c1c5f26aed62a3613218c2581102119aa23206eaefc6b4/cmake-4.1.2-py3-none-musllinux_1_2_riscv64.whl", hash = "sha256:f0676a6357957a1e3391815385d6494438b1ad2df97928727ce9e5080a1d38f1", size = 39944857, upload-time = "2025-10-23T17:04:56.452Z" },
    { url = "https://files.pythonhosted.org/packages/f9/36/eb6ffeef092bc94a8eecea3bedd06d624929b2e932d04e07132fbeb4e46b/cmake-4.1.2-py3-none-musllinux_1_2_s390x.whl", hash = "sha256:56d1afbb5f7d8e588b7f384c323eff93aff7846666d7db18b7851b870ac1f8ea", size = 44015414, upload-time = "2025-10-23T17:04:59.538Z" },
    { url = "https://files.pythonhosted.org/packages/3f/91/6ce95bd9d1919e1f6a1acd8f1a8275b86f5281aa160dcfa4262d10b4cc16/cmake-4.1.2-py3-none-musllinux_1_2_x86_64.whl", hash = "sha256:679cc0e1cc7227ead59f7126b27a9df44f3273c2952ab720f94e5dc5a3e26bd0", size = 43355825, upload-time = "2025-10-23T17:05:02.668Z" },
    { url = "https://files.pythonhosted.org/packages/14/d7/1ae5a70ff7557042486ce64f6f5876c6dfd8405b4ea322d0342829ff3696/cmake-4.1.2-py3-none-win32.whl", hash = "sha256:d7ecea15c2cae907966adf64e16ede1dae3adf67ce176d70279a968b01b6cba4", size = 34263636, upload-time = "2025-10-23T17:05:05.466Z" },
    { url = "https://files.pythonhosted.org/packages/be/36/77db223c6619aa11817040d9b0a9c232c9e26c86780cd676ff83e110ae73/cmake-4.1.2-py3-none-win_amd64.whl", hash = "sha256:0a5edb762341220649794580b3b9608ea782b5ba6a3f7fe4e21eb4a4f705ec39", size = 37541253, upload-time = "2025-10-23T17:05:08.75Z" },
    { url = "https://files.pythonhosted.org/packages/70/8b/04c7770f6397397b1635ff238f561a2b72ddc8884ad7d4820f6bb28110b5/cmake-4.1.2-py3-none-win_arm64.whl", hash = "sha256:a1d4ab14b8274c85ba28de739bbf212efc267286d8908e8224e0dfff667a3a5e", size = 36331299, upload-time = "2025-10-23T17:05:11.722Z" },
]

[[package]]
name = "slh"
version = "0.0.0"
source = { git = "https://github.com/tjsmart/slh.git#513028fb9657362c48106192661ced48750bf6bb" }

[[package]]
name = "slh-c"
version = "0.0.0"
source = { editable = "." }
dependencies = [
    { name = "cmake" },
    { name = "slh" },
]

[package.dev-dependencies]
dev = [
    { name = "cmake" },
]

[package.metadata]
requires-dist = [
    { name = "cmake", specifier = ">=3.21" },
    { name = "slh", git = "https://github.com/tjsmart/slh.git" },
]

[package.metadata.requires-dev]
dev = [{ name = "cmake", specifier = ">=4.1.2" }]
